
Microsoft Visual Studio Solution File, Format Version 12.00
# Visual Studio Version 17
VisualStudioVersion = 17.13.35919.96 d17.13
MinimumVisualStudioVersion = 10.0.40219.1
Project("{FAE04EC0-301F-11D3-BF4B-00C04F79EFBC}") = "Api", "Api\Api.csproj", "{D4E8E361-3AF8-439D-9304-CED7626CB18D}"
EndProject
Project("{2150E333-8FDC-42A3-9474-1A3956D46DE8}") = "Interfaces", "Interfaces", "{36D591C7-65C7-A0D1-1CBC-10CDE441BDC8}"
EndProject
Project("{2150E333-8FDC-42A3-9474-1A3956D46DE8}") = "Implementation", "Implementation", "{EBA7B09C-B81B-4DBF-835C-EB9F29D180F4}"
EndProject
Project("{FAE04EC0-301F-11D3-BF4B-00C04F79EFBC}") = "BusinesLogicInterface", "Interfaces\BusinesLogicInterface\BusinesLogicInterface.csproj", "{826DE4C1-B8CA-4322-BBBB-9192C642B10D}"
EndProject
Project("{FAE04EC0-301F-11D3-BF4B-00C04F79EFBC}") = "DataLayerInterface", "Interfaces\DataLayerInterface\DataLayerInterface.csproj", "{1611875A-4780-4C29-8194-689A3DFA1D6F}"
EndProject
Project("{2150E333-8FDC-42A3-9474-1A3956D46DE8}") = "Entities", "Entities", "{2E384D96-2D62-4760-A885-4945DBF8C816}"
EndProject
Project("{2150E333-8FDC-42A3-9474-1A3956D46DE8}") = "DI", "DI", "{166191BB-B86D-445C-B888-854368E4A26A}"
EndProject
Project("{FAE04EC0-301F-11D3-BF4B-00C04F79EFBC}") = "Entities", "Entities\Entities.csproj", "{86F4898B-4F36-4F92-91B2-50CE33FBE7A6}"
EndProject
Project("{FAE04EC0-301F-11D3-BF4B-00C04F79EFBC}") = "DI", "DI\DI.csproj", "{B228E8EE-73E8-4A47-8A52-33B7B776C4C3}"
EndProject
Project("{FAE04EC0-301F-11D3-BF4B-00C04F79EFBC}") = "BusinessLogic", "Implementation\BusinessLogic\BusinessLogic.csproj", "{89E3D7D2-BD4A-412D-9626-F72A89029297}"
EndProject
Project("{FAE04EC0-301F-11D3-BF4B-00C04F79EFBC}") = "InMemoryDataLayer", "Implementation\InMemoryDataLayer\InMemoryDataLayer.csproj", "{4919C664-0020-44FA-BCFC-3934D104F866}"
EndProject
Global
	GlobalSection(SolutionConfigurationPlatforms) = preSolution
		Debug|Any CPU = Debug|Any CPU
		Release|Any CPU = Release|Any CPU
	EndGlobalSection
	GlobalSection(ProjectConfigurationPlatforms) = postSolution
		{D4E8E361-3AF8-439D-9304-CED7626CB18D}.Debug|Any CPU.ActiveCfg = Debug|Any CPU
		{D4E8E361-3AF8-439D-9304-CED7626CB18D}.Debug|Any CPU.Build.0 = Debug|Any CPU
		{D4E8E361-3AF8-439D-9304-CED7626CB18D}.Release|Any CPU.ActiveCfg = Release|Any CPU
		{D4E8E361-3AF8-439D-9304-CED7626CB18D}.Release|Any CPU.Build.0 = Release|Any CPU
		{826DE4C1-B8CA-4322-BBBB-9192C642B10D}.Debug|Any CPU.ActiveCfg = Debug|Any CPU
		{826DE4C1-B8CA-4322-BBBB-9192C642B10D}.Debug|Any CPU.Build.0 = Debug|Any CPU
		{826DE4C1-B8CA-4322-BBBB-9192C642B10D}.Release|Any CPU.ActiveCfg = Release|Any CPU
		{826DE4C1-B8CA-4322-BBBB-9192C642B10D}.Release|Any CPU.Build.0 = Release|Any CPU
		{1611875A-4780-4C29-8194-689A3DFA1D6F}.Debug|Any CPU.ActiveCfg = Debug|Any CPU
		{1611875A-4780-4C29-8194-689A3DFA1D6F}.Debug|Any CPU.Build.0 = Debug|Any CPU
		{1611875A-4780-4C29-8194-689A3DFA1D6F}.Release|Any CPU.ActiveCfg = Release|Any CPU
		{1611875A-4780-4C29-8194-689A3DFA1D6F}.Release|Any CPU.Build.0 = Release|Any CPU
		{86F4898B-4F36-4F92-91B2-50CE33FBE7A6}.Debug|Any CPU.ActiveCfg = Debug|Any CPU
		{86F4898B-4F36-4F92-91B2-50CE33FBE7A6}.Debug|Any CPU.Build.0 = Debug|Any CPU
		{86F4898B-4F36-4F92-91B2-50CE33FBE7A6}.Release|Any CPU.ActiveCfg = Release|Any CPU
		{86F4898B-4F36-4F92-91B2-50CE33FBE7A6}.Release|Any CPU.Build.0 = Release|Any CPU
		{B228E8EE-73E8-4A47-8A52-33B7B776C4C3}.Debug|Any CPU.ActiveCfg = Debug|Any CPU
		{B228E8EE-73E8-4A47-8A52-33B7B776C4C3}.Debug|Any CPU.Build.0 = Debug|Any CPU
		{B228E8EE-73E8-4A47-8A52-33B7B776C4C3}.Release|Any CPU.ActiveCfg = Release|Any CPU
		{B228E8EE-73E8-4A47-8A52-33B7B776C4C3}.Release|Any CPU.Build.0 = Release|Any CPU
		{89E3D7D2-BD4A-412D-9626-F72A89029297}.Debug|Any CPU.ActiveCfg = Debug|Any CPU
		{89E3D7D2-BD4A-412D-9626-F72A89029297}.Debug|Any CPU.Build.0 = Debug|Any CPU
		{89E3D7D2-BD4A-412D-9626-F72A89029297}.Release|Any CPU.ActiveCfg = Release|Any CPU
		{89E3D7D2-BD4A-412D-9626-F72A89029297}.Release|Any CPU.Build.0 = Release|Any CPU
		{4919C664-0020-44FA-BCFC-3934D104F866}.Debug|Any CPU.ActiveCfg = Debug|Any CPU
		{4919C664-0020-44FA-BCFC-3934D104F866}.Debug|Any CPU.Build.0 = Debug|Any CPU
		{4919C664-0020-44FA-BCFC-3934D104F866}.Release|Any CPU.ActiveCfg = Release|Any CPU
		{4919C664-0020-44FA-BCFC-3934D104F866}.Release|Any CPU.Build.0 = Release|Any CPU
	EndGlobalSection
	GlobalSection(SolutionProperties) = preSolution
		HideSolutionNode = FALSE
	EndGlobalSection
	GlobalSection(NestedProjects) = preSolution
		{826DE4C1-B8CA-4322-BBBB-9192C642B10D} = {36D591C7-65C7-A0D1-1CBC-10CDE441BDC8}
		{1611875A-4780-4C29-8194-689A3DFA1D6F} = {36D591C7-65C7-A0D1-1CBC-10CDE441BDC8}
		{86F4898B-4F36-4F92-91B2-50CE33FBE7A6} = {2E384D96-2D62-4760-A885-4945DBF8C816}
		{B228E8EE-73E8-4A47-8A52-33B7B776C4C3} = {166191BB-B86D-445C-B888-854368E4A26A}
		{89E3D7D2-BD4A-412D-9626-F72A89029297} = {EBA7B09C-B81B-4DBF-835C-EB9F29D180F4}
		{4919C664-0020-44FA-BCFC-3934D104F866} = {EBA7B09C-B81B-4DBF-835C-EB9F29D180F4}
	EndGlobalSection
	GlobalSection(ExtensibilityGlobals) = postSolution
		SolutionGuid = {0DF2982B-3998-4B44-9B96-509634DBC4E9}
	EndGlobalSection
EndGlobal
